// !$*UTF8*$!
{
	archiveVersion = 1;
	classes = {
	};
	objectVersion = 46;
	objects = {

/* Begin PBXBuildFile section */
		6ACDAFB31CBF76A20057F2F2 /* main.m in Sources */ = {isa = PBXBuildFile; fileRef = 6ACDAFB21CBF76A20057F2F2 /* main.m */; };
		6ACDAFB61CBF76A20057F2F2 /* AppDelegate.m in Sources */ = {isa = PBXBuildFile; fileRef = 6ACDAFB51CBF76A20057F2F2 /* AppDelegate.m */; };
		6ACDAFB91CBF76A20057F2F2 /* ViewController.m in Sources */ = {isa = PBXBuildFile; fileRef = 6ACDAFB81CBF76A20057F2F2 /* ViewController.m */; };
		6ACDAFBC1CBF76A20057F2F2 /* Main.storyboard in Resources */ = {isa = PBXBuildFile; fileRef = 6ACDAFBA1CBF76A20057F2F2 /* Main.storyboard */; };
		6ACDAFBF1CBF76A20057F2F2 /* CYPhotoBrowser.xcdatamodeld in Sources */ = {isa = PBXBuildFile; fileRef = 6ACDAFBD1CBF76A20057F2F2 /* CYPhotoBrowser.xcdatamodeld */; };
		6ACDAFC11CBF76A20057F2F2 /* Assets.xcassets in Resources */ = {isa = PBXBuildFile; fileRef = 6ACDAFC01CBF76A20057F2F2 /* Assets.xcassets */; };
		6ACDAFC41CBF76A20057F2F2 /* LaunchScreen.storyboard in Resources */ = {isa = PBXBuildFile; fileRef = 6ACDAFC21CBF76A20057F2F2 /* LaunchScreen.storyboard */; };
		6ACDAFCF1CBF76A20057F2F2 /* CYPhotoBrowserTests.m in Sources */ = {isa = PBXBuildFile; fileRef = 6ACDAFCE1CBF76A20057F2F2 /* CYPhotoBrowserTests.m */; };
		6ACDAFDA1CBF76A20057F2F2 /* CYPhotoBrowserUITests.m in Sources */ = {isa = PBXBuildFile; fileRef = 6ACDAFD91CBF76A20057F2F2 /* CYPhotoBrowserUITests.m */; };
/* End PBXBuildFile section */

/* Begin PBXContainerItemProxy section */
		6ACDAFCB1CBF76A20057F2F2 /* PBXContainerItemProxy */ = {
			isa = PBXContainerItemProxy;
			containerPortal = 6ACDAFA61CBF76A20057F2F2 /* Project object */;
			proxyType = 1;
			remoteGlobalIDString = 6ACDAFAD1CBF76A20057F2F2;
			remoteInfo = CYPhotoBrowser;
		};
		6ACDAFD61CBF76A20057F2F2 /* PBXContainerItemProxy */ = {
			isa = PBXContainerItemProxy;
			containerPortal = 6ACDAFA61CBF76A20057F2F2 /* Project object */;
			proxyType = 1;
			remoteGlobalIDString = 6ACDAFAD1CBF76A20057F2F2;
			remoteInfo = CYPhotoBrowser;
		};
/* End PBXContainerItemProxy section */

/* Begin PBXFileReference section */
		6ACDAFAE1CBF76A20057F2F2 /* CYPhotoBrowser.app */ = {isa = PBXFileReference; explicitFileType = wrapper.application; includeInIndex = 0; path = CYPhotoBrowser.app; sourceTree = BUILT_PRODUCTS_DIR; };
		6ACDAFB21CBF76A20057F2F2 /* main.m */ = {isa = PBXFileReference; lastKnownFileType = sourcecode.c.objc; path = main.m; sourceTree = "<group>"; };
		6ACDAFB41CBF76A20057F2F2 /* AppDelegate.h */ = {isa = PBXFileReference; lastKnownFileType = sourcecode.c.h; path = AppDelegate.h; sourceTree = "<group>"; };
		6ACDAFB51CBF76A20057F2F2 /* AppDelegate.m */ = {isa = PBXFileReference; lastKnownFileType = sourcecode.c.objc; path = AppDelegate.m; sourceTree = "<group>"; };
		6ACDAFB71CBF76A20057F2F2 /* ViewController.h */ = {isa = PBXFileReference; lastKnownFileType = sourcecode.c.h; path = ViewController.h; sourceTree = "<group>"; };
		6ACDAFB81CBF76A20057F2F2 /* ViewController.m */ = {isa = PBXFileReference; lastKnownFileType = sourcecode.c.objc; path = ViewController.m; sourceTree = "<group>"; };
		6ACDAFBB1CBF76A20057F2F2 /* Base */ = {isa = PBXFileReference; lastKnownFileType = file.storyboard; name = Base; path = Base.lproj/Main.storyboard; sourceTree = "<group>"; };
		6ACDAFBE1CBF76A20057F2F2 /* CYPhotoBrowser.xcdatamodel */ = {isa = PBXFileReference; lastKnownFileType = wrapper.xcdatamodel; path = CYPhotoBrowser.xcdatamodel; sourceTree = "<group>"; };
		6ACDAFC01CBF76A20057F2F2 /* Assets.xcassets */ = {isa = PBXFileReference; lastKnownFileType = folder.assetcatalog; path = Assets.xcassets; sourceTree = "<group>"; };
		6ACDAFC31CBF76A20057F2F2 /* Base */ = {isa = PBXFileReference; lastKnownFileType = file.storyboard; name = Base; path = Base.lproj/LaunchScreen.storyboard; sourceTree = "<group>"; };
		6ACDAFC51CBF76A20057F2F2 /* Info.plist */ = {isa = PBXFileReference; lastKnownFileType = text.plist.xml; path = Info.plist; sourceTree = "<group>"; };
		6ACDAFCA1CBF76A20057F2F2 /* CYPhotoBrowserTests.xctest */ = {isa = PBXFileReference; explicitFileType = wrapper.cfbundle; includeInIndex = 0; path = CYPhotoBrowserTests.xctest; sourceTree = BUILT_PRODUCTS_DIR; };
		6ACDAFCE1CBF76A20057F2F2 /* CYPhotoBrowserTests.m */ = {isa = PBXFileReference; lastKnownFileType = sourcecode.c.objc; path = CYPhotoBrowserTests.m; sourceTree = "<group>"; };
		6ACDAFD01CBF76A20057F2F2 /* Info.plist */ = {isa = PBXFileReference; lastKnownFileType = text.plist.xml; path = Info.plist; sourceTree = "<group>"; };
		6ACDAFD51CBF76A20057F2F2 /* CYPhotoBrowserUITests.xctest */ = {isa = PBXFileReference; explicitFileType = wrapper.cfbundle; includeInIndex = 0; path = CYPhotoBrowserUITests.xctest; sourceTree = BUILT_PRODUCTS_DIR; };
		6ACDAFD91CBF76A20057F2F2 /* CYPhotoBrowserUITests.m */ = {isa = PBXFileReference; lastKnownFileType = sourcecode.c.objc; path = CYPhotoBrowserUITests.m; sourceTree = "<group>"; };
		6ACDAFDB1CBF76A20057F2F2 /* Info.plist */ = {isa = PBXFileReference; lastKnownFileType = text.plist.xml; path = Info.plist; sourceTree = "<group>"; };
/* End PBXFileReference section */

/* Begin PBXFrameworksBuildPhase section */
		6ACDAFAB1CBF76A20057F2F2 /* Frameworks */ = {
			isa = PBXFrameworksBuildPhase;
			buildActionMask = 2147483647;
			files = (
			);
			runOnlyForDeploymentPostprocessing = 0;
		};
		6ACDAFC71CBF76A20057F2F2 /* Frameworks */ = {
			isa = PBXFrameworksBuildPhase;
			buildActionMask = 2147483647;
			files = (
			);
			runOnlyForDeploymentPostprocessing = 0;
		};
		6ACDAFD21CBF76A20057F2F2 /* Frameworks */ = {
			isa = PBXFrameworksBuildPhase;
			buildActionMask = 2147483647;
			files = (
			);
			runOnlyForDeploymentPostprocessing = 0;
		};
/* End PBXFrameworksBuildPhase section */

/* Begin PBXGroup section */
		6ACDAFA51CBF76A20057F2F2 = {
			isa = PBXGroup;
			children = (
				6ACDAFB01CBF76A20057F2F2 /* CYPhotoBrowser */,
				6ACDAFCD1CBF76A20057F2F2 /* CYPhotoBrowserTests */,
				6ACDAFD81CBF76A20057F2F2 /* CYPhotoBrowserUITests */,
				6ACDAFAF1CBF76A20057F2F2 /* Products */,
			);
			sourceTree = "<group>";
		};
		6ACDAFAF1CBF76A20057F2F2 /* Products */ = {
			isa = PBXGroup;
			children = (
				6ACDAFAE1CBF76A20057F2F2 /* CYPhotoBrowser.app */,
				6ACDAFCA1CBF76A20057F2F2 /* CYPhotoBrowserTests.xctest */,
				6ACDAFD51CBF76A20057F2F2 /* CYPhotoBrowserUITests.xctest */,
			);
			name = Products;
			sourceTree = "<group>";
		};
		6ACDAFB01CBF76A20057F2F2 /* CYPhotoBrowser */ = {
			isa = PBXGroup;
			children = (
				6ACDAFB41CBF76A20057F2F2 /* AppDelegate.h */,
				6ACDAFB51CBF76A20057F2F2 /* AppDelegate.m */,
				6ACDAFB71CBF76A20057F2F2 /* ViewController.h */,
				6ACDAFB81CBF76A20057F2F2 /* ViewController.m */,
				6ACDAFBA1CBF76A20057F2F2 /* Main.storyboard */,
				6ACDAFC01CBF76A20057F2F2 /* Assets.xcassets */,
				6ACDAFC21CBF76A20057F2F2 /* LaunchScreen.storyboard */,
				6ACDAFC51CBF76A20057F2F2 /* Info.plist */,
				6ACDAFBD1CBF76A20057F2F2 /* CYPhotoBrowser.xcdatamodeld */,
				6ACDAFB11CBF76A20057F2F2 /* Supporting Files */,
			);
			path = CYPhotoBrowser;
			sourceTree = "<group>";
		};
		6ACDAFB11CBF76A20057F2F2 /* Supporting Files */ = {
			isa = PBXGroup;
			children = (
				6ACDAFB21CBF76A20057F2F2 /* main.m */,
			);
			name = "Supporting Files";
			sourceTree = "<group>";
		};
		6ACDAFCD1CBF76A20057F2F2 /* CYPhotoBrowserTests */ = {
			isa = PBXGroup;
			children = (
				6ACDAFCE1CBF76A20057F2F2 /* CYPhotoBrowserTests.m */,
				6ACDAFD01CBF76A20057F2F2 /* Info.plist */,
			);
			path = CYPhotoBrowserTests;
			sourceTree = "<group>";
		};
		6ACDAFD81CBF76A20057F2F2 /* CYPhotoBrowserUITests */ = {
			isa = PBXGroup;
			children = (
				6ACDAFD91CBF76A20057F2F2 /* CYPhotoBrowserUITests.m */,
				6ACDAFDB1CBF76A20057F2F2 /* Info.plist */,
			);
			path = CYPhotoBrowserUITests;
			sourceTree = "<group>";
		};
/* End PBXGroup section */

/* Begin PBXNativeTarget section */
		6ACDAFAD1CBF76A20057F2F2 /* CYPhotoBrowser */ = {
			isa = PBXNativeTarget;
			buildConfigurationList = 6ACDAFDE1CBF76A20057F2F2 /* Build configuration list for PBXNativeTarget "CYPhotoBrowser" */;
			buildPhases = (
				6ACDAFAA1CBF76A20057F2F2 /* Sources */,
				6ACDAFAB1CBF76A20057F2F2 /* Frameworks */,
				6ACDAFAC1CBF76A20057F2F2 /* Resources */,
			);
			buildRules = (
			);
			dependencies = (
			);
			name = CYPhotoBrowser;
			productName = CYPhotoBrowser;
			productReference = 6ACDAFAE1CBF76A20057F2F2 /* CYPhotoBrowser.app */;
			productType = "com.apple.product-type.application";
		};
		6ACDAFC91CBF76A20057F2F2 /* CYPhotoBrowserTests */ = {
			isa = PBXNativeTarget;
			buildConfigurationList = 6ACDAFE11CBF76A20057F2F2 /* Build configuration list for PBXNativeTarget "CYPhotoBrowserTests" */;
			buildPhases = (
				6ACDAFC61CBF76A20057F2F2 /* Sources */,
				6ACDAFC71CBF76A20057F2F2 /* Frameworks */,
				6ACDAFC81CBF76A20057F2F2 /* Resources */,
			);
			buildRules = (
			);
			dependencies = (
				6ACDAFCC1CBF76A20057F2F2 /* PBXTargetDependency */,
			);
			name = CYPhotoBrowserTests;
			productName = CYPhotoBrowserTests;
			productReference = 6ACDAFCA1CBF76A20057F2F2 /* CYPhotoBrowserTests.xctest */;
			productType = "com.apple.product-type.bundle.unit-test";
		};
		6ACDAFD41CBF76A20057F2F2 /* CYPhotoBrowserUITests */ = {
			isa = PBXNativeTarget;
			buildConfigurationList = 6ACDAFE41CBF76A20057F2F2 /* Build configuration list for PBXNativeTarget "CYPhotoBrowserUITests" */;
			buildPhases = (
				6ACDAFD11CBF76A20057F2F2 /* Sources */,
				6ACDAFD21CBF76A20057F2F2 /* Frameworks */,
				6ACDAFD31CBF76A20057F2F2 /* Resources */,
			);
			buildRules = (
			);
			dependencies = (
				6ACDAFD71CBF76A20057F2F2 /* PBXTargetDependency */,
			);
			name = CYPhotoBrowserUITests;
			productName = CYPhotoBrowserUITests;
			productReference = 6ACDAFD51CBF76A20057F2F2 /* CYPhotoBrowserUITests.xctest */;
			productType = "com.apple.product-type.bundle.ui-testing";
		};
/* End PBXNativeTarget section */

/* Begin PBXProject section */
		6ACDAFA61CBF76A20057F2F2 /* Project object */ = {
			isa = PBXProject;
			attributes = {
				LastUpgradeCheck = 0720;
				ORGANIZATIONNAME = jeader;
				TargetAttributes = {
					6ACDAFAD1CBF76A20057F2F2 = {
						CreatedOnToolsVersion = 7.2;
					};
					6ACDAFC91CBF76A20057F2F2 = {
						CreatedOnToolsVersion = 7.2;
						TestTargetID = 6ACDAFAD1CBF76A20057F2F2;
					};
					6ACDAFD41CBF76A20057F2F2 = {
						CreatedOnToolsVersion = 7.2;
						TestTargetID = 6ACDAFAD1CBF76A20057F2F2;
					};
				};
			};
			buildConfigurationList = 6ACDAFA91CBF76A20057F2F2 /* Build configuration list for PBXProject "CYPhotoBrowser" */;
			compatibilityVersion = "Xcode 3.2";
			developmentRegion = English;
			hasScannedForEncodings = 0;
			knownRegions = (
				en,
				Base,
			);
			mainGroup = 6ACDAFA51CBF76A20057F2F2;
			productRefGroup = 6ACDAFAF1CBF76A20057F2F2 /* Products */;
			projectDirPath = "";
			projectRoot = "";
			targets = (
				6ACDAFAD1CBF76A20057F2F2 /* CYPhotoBrowser */,
				6ACDAFC91CBF76A20057F2F2 /* CYPhotoBrowserTests */,
				6ACDAFD41CBF76A20057F2F2 /* CYPhotoBrowserUITests */,
			);
		};
/* End PBXProject section */

/* Begin PBXResourcesBuildPhase section */
		6ACDAFAC1CBF76A20057F2F2 /* Resources */ = {
			isa = PBXResourcesBuildPhase;
			buildActionMask = 2147483647;
			files = (
				6ACDAFC41CBF76A20057F2F2 /* LaunchScreen.storyboard in Resources */,
				6ACDAFC11CBF76A20057F2F2 /* Assets.xcassets in Resources */,
				6ACDAFBC1CBF76A20057F2F2 /* Main.storyboard in Resources */,
			);
			runOnlyForDeploymentPostprocessing = 0;
		};
		6ACDAFC81CBF76A20057F2F2 /* Resources */ = {
			isa = PBXResourcesBuildPhase;
			buildActionMask = 2147483647;
			files = (
			);
			runOnlyForDeploymentPostprocessing = 0;
		};
		6ACDAFD31CBF76A20057F2F2 /* Resources */ = {
			isa = PBXResourcesBuildPhase;
			buildActionMask = 2147483647;
			files = (
			);
			runOnlyForDeploymentPostprocessing = 0;
		};
/* End PBXResourcesBuildPhase section */

/* Begin PBXSourcesBuildPhase section */
		6ACDAFAA1CBF76A20057F2F2 /* Sources */ = {
			isa = PBXSourcesBuildPhase;
			buildActionMask = 2147483647;
			files = (
				6ACDAFB91CBF76A20057F2F2 /* ViewController.m in Sources */,
				6ACDAFBF1CBF76A20057F2F2 /* CYPhotoBrowser.xcdatamodeld in Sources */,
				6ACDAFB61CBF76A20057F2F2 /* AppDelegate.m in Sources */,
				6ACDAFB31CBF76A20057F2F2 /* main.m in Sources */,
			);
			runOnlyForDeploymentPostprocessing = 0;
		};
		6ACDAFC61CBF76A20057F2F2 /* Sources */ = {
			isa = PBXSourcesBuildPhase;
			buildActionMask = 2147483647;
			files = (
				6ACDAFCF1CBF76A20057F2F2 /* CYPhotoBrowserTests.m in Sources */,
			);
			runOnlyForDeploymentPostprocessing = 0;
		};
		6ACDAFD11CBF76A20057F2F2 /* Sources */ = {
			isa = PBXSourcesBuildPhase;
			buildActionMask = 2147483647;
			files = (
				6ACDAFDA1CBF76A20057F2F2 /* CYPhotoBrowserUITests.m in Sources */,
			);
			runOnlyForDeploymentPostprocessing = 0;
		};
/* End PBXSourcesBuildPhase section */

/* Begin PBXTargetDependency section */
		6ACDAFCC1CBF76A20057F2F2 /* PBXTargetDependency */ = {
			isa = PBXTargetDependency;
			target = 6ACDAFAD1CBF76A20057F2F2 /* CYPhotoBrowser */;
			targetProxy = 6ACDAFCB1CBF76A20057F2F2 /* PBXContainerItemProxy */;
		};
		6ACDAFD71CBF76A20057F2F2 /* PBXTargetDependency */ = {
			isa = PBXTargetDependency;
			target = 6ACDAFAD1CBF76A20057F2F2 /* CYPhotoBrowser */;
			targetProxy = 6ACDAFD61CBF76A20057F2F2 /* PBXContainerItemProxy */;
		};
/* End PBXTargetDependency section */

/* Begin PBXVariantGroup section */
		6ACDAFBA1CBF76A20057F2F2 /* Main.storyboard */ = {
			isa = PBXVariantGroup;
			children = (
				6ACDAFBB1CBF76A20057F2F2 /* Base */,
			);
			name = Main.storyboard;
			sourceTree = "<group>";
		};
		6ACDAFC21CBF76A20057F2F2 /* LaunchScreen.storyboard */ = {
			isa = PBXVariantGroup;
			children = (
				6ACDAFC31CBF76A20057F2F2 /* Base */,
			);
			name = LaunchScreen.storyboard;
			sourceTree = "<group>";
		};
/* End PBXVariantGroup section */

/* Begin XCBuildConfiguration section */
		6ACDAFDC1CBF76A20057F2F2 /* Debug */ = {
			isa = XCBuildConfiguration;
			buildSettings = {
				ALWAYS_SEARCH_USER_PATHS = NO;
				CLANG_CXX_LANGUAGE_STANDARD = "gnu++0x";
				CLANG_CXX_LIBRARY = "libc++";
				CLANG_ENABLE_MODULES = YES;
				CLANG_ENABLE_OBJC_ARC = YES;
				CLANG_WARN_BOOL_CONVERSION = YES;
				CLANG_WARN_CONSTANT_CONVERSION = YES;
				CLANG_WARN_DIRECT_OBJC_ISA_USAGE = YES_ERROR;
				CLANG_WARN_EMPTY_BODY = YES;
				CLANG_WARN_ENUM_CONVERSION = YES;
				CLANG_WARN_INT_CONVERSION = YES;
				CLANG_WARN_OBJC_ROOT_CLASS = YES_ERROR;
				CLANG_WARN_UNREACHABLE_CODE = YES;
				CLANG_WARN__DUPLICATE_METHOD_MATCH = YES;
				"CODE_SIGN_IDENTITY[sdk=iphoneos*]" = "iPhone Developer";
				COPY_PHASE_STRIP = NO;
				DEBUG_INFORMATION_FORMAT = dwarf;
				ENABLE_STRICT_OBJC_MSGSEND = YES;
				ENABLE_TESTABILITY = YES;
				GCC_C_LANGUAGE_STANDARD = gnu99;
				GCC_DYNAMIC_NO_PIC = NO;
				GCC_NO_COMMON_BLOCKS = YES;
				GCC_OPTIMIZATION_LEVEL = 0;
				GCC_PREPROCESSOR_DEFINITIONS = (
					"DEBUG=1",
					"$(inherited)",
				);
				GCC_WARN_64_TO_32_BIT_CONVERSION = YES;
				GCC_WARN_ABOUT_RETURN_TYPE = YES_ERROR;
				GCC_WARN_UNDECLARED_SELECTOR = YES;
				GCC_WARN_UNINITIALIZED_AUTOS = YES_AGGRESSIVE;
				GCC_WARN_UNUSED_FUNCTION = YES;
				GCC_WARN_UNUSED_VARIABLE = YES;
				IPHONEOS_DEPLOYMENT_TARGET = 9.2;
				MTL_ENABLE_DEBUG_INFO = YES;
				ONLY_ACTIVE_ARCH = YES;
				SDKROOT = iphoneos;
			};
			name = Debug;
		};
		6ACDAFDD1CBF76A20057F2F2 /* Release */ = {
			isa = XCBuildConfiguration;
			buildSettings = {
				ALWAYS_SEARCH_USER_PATHS = NO;
				CLANG_CXX_LANGUAGE_STANDARD = "gnu++0x";
				CLANG_CXX_LIBRARY = "libc++";
				CLANG_ENABLE_MODULES = YES;
				CLANG_ENABLE_OBJC_ARC = YES;
				CLANG_WARN_BOOL_CONVERSION = YES;
				CLANG_WARN_CONSTANT_CONVERSION = YES;
				CLANG_WARN_DIRECT_OBJC_ISA_USAGE = YES_ERROR;
				CLANG_WARN_EMPTY_BODY = YES;
				CLANG_WARN_ENUM_CONVERSION = YES;
				CLANG_WARN_INT_CONVERSION = YES;
				CLANG_WARN_OBJC_ROOT_CLASS = YES_ERROR;
				CLANG_WARN_UNREACHABLE_CODE = YES;
				CLANG_WARN__DUPLICATE_METHOD_MATCH = YES;
				"CODE_SIGN_IDENTITY[sdk=iphoneos*]" = "iPhone Developer";
				COPY_PHASE_STRIP = NO;
				DEBUG_INFORMATION_FORMAT = "dwarf-with-dsym";
				ENABLE_NS_ASSERTIONS = NO;
				ENABLE_STRICT_OBJC_MSGSEND = YES;
				GCC_C_LANGUAGE_STANDARD = gnu99;
				GCC_NO_COMMON_BLOCKS = YES;
				GCC_WARN_64_TO_32_BIT_CONVERSION = YES;
				GCC_WARN_ABOUT_RETURN_TYPE = YES_ERROR;
				GCC_WARN_UNDECLARED_SELECTOR = YES;
				GCC_WARN_UNINITIALIZED_AUTOS = YES_AGGRESSIVE;
				GCC_WARN_UNUSED_FUNCTION = YES;
				GCC_WARN_UNUSED_VARIABLE = YES;
				IPHONEOS_DEPLOYMENT_TARGET = 9.2;
				MTL_ENABLE_DEBUG_INFO = NO;
				SDKROOT = iphoneos;
				VALIDATE_PRODUCT = YES;
			};
			name = Release;
		};
		6ACDAFDF1CBF76A20057F2F2 /* Debug */ = {
			isa = XCBuildConfiguration;
			buildSettings = {
				ASSETCATALOG_COMPILER_APPICON_NAME = AppIcon;
				INFOPLIST_FILE = CYPhotoBrowser/Info.plist;
				LD_RUNPATH_SEARCH_PATHS = "$(inherited) @executable_path/Frameworks";
				PRODUCT_BUNDLE_IDENTIFIER = com.jeader.CYPhotoBrowser;
				PRODUCT_NAME = "$(TARGET_NAME)";
			};
			name = Debug;
		};
		6ACDAFE01CBF76A20057F2F2 /* Release */ = {
			isa = XCBuildConfiguration;
			buildSettings = {
				ASSETCATALOG_COMPILER_APPICON_NAME = AppIcon;
				INFOPLIST_FILE = CYPhotoBrowser/Info.plist;
				LD_RUNPATH_SEARCH_PATHS = "$(inherited) @executable_path/Frameworks";
				PRODUCT_BUNDLE_IDENTIFIER = com.jeader.CYPhotoBrowser;
				PRODUCT_NAME = "$(TARGET_NAME)";
			};
			name = Release;
		};
		6ACDAFE21CBF76A20057F2F2 /* Debug */ = {
			isa = XCBuildConfiguration;
			buildSettings = {
				BUNDLE_LOADER = "$(TEST_HOST)";
				INFOPLIST_FILE = CYPhotoBrowserTests/Info.plist;
				LD_RUNPATH_SEARCH_PATHS = "$(inherited) @executable_path/Frameworks @loader_path/Frameworks";
				PRODUCT_BUNDLE_IDENTIFIER = com.jeader.CYPhotoBrowserTests;
				PRODUCT_NAME = "$(TARGET_NAME)";
				TEST_HOST = "$(BUILT_PRODUCTS_DIR)/CYPhotoBrowser.app/CYPhotoBrowser";
			};
			name = Debug;
		};
		6ACDAFE31CBF76A20057F2F2 /* Release */ = {
			isa = XCBuildConfiguration;
			buildSettings = {
				BUNDLE_LOADER = "$(TEST_HOST)";
				INFOPLIST_FILE = CYPhotoBrowserTests/Info.plist;
				LD_RUNPATH_SEARCH_PATHS = "$(inherited) @executable_path/Frameworks @loader_path/Frameworks";
				PRODUCT_BUNDLE_IDENTIFIER = com.jeader.CYPhotoBrowserTests;
				PRODUCT_NAME = "$(TARGET_NAME)";
				TEST_HOST = "$(BUILT_PRODUCTS_DIR)/CYPhotoBrowser.app/CYPhotoBrowser";
			};
			name = Release;
		};
		6ACDAFE51CBF76A20057F2F2 /* Debug */ = {
			isa = XCBuildConfiguration;
			buildSettings = {
				INFOPLIST_FILE = CYPhotoBrowserUITests/Info.plist;
				LD_RUNPATH_SEARCH_PATHS = "$(inherited) @executable_path/Frameworks @loader_path/Frameworks";
				PRODUCT_BUNDLE_IDENTIFIER = com.jeader.CYPhotoBrowserUITests;
				PRODUCT_NAME = "$(TARGET_NAME)";
				TEST_TARGET_NAME = CYPhotoBrowser;
				USES_XCTRUNNER = YES;
			};
			name = Debug;
		};
		6ACDAFE61CBF76A20057F2F2 /* Release */ = {
			isa = XCBuildConfiguration;
			buildSettings = {
				INFOPLIST_FILE = CYPhotoBrowserUITests/Info.plist;
				LD_RUNPATH_SEARCH_PATHS = "$(inherited) @executable_path/Frameworks @loader_path/Frameworks";
				PRODUCT_BUNDLE_IDENTIFIER = com.jeader.CYPhotoBrowserUITests;
				PRODUCT_NAME = "$(TARGET_NAME)";
				TEST_TARGET_NAME = CYPhotoBrowser;
				USES_XCTRUNNER = YES;
			};
			name = Release;
		};
/* End XCBuildConfiguration section */

/* Begin XCConfigurationList section */
		6ACDAFA91CBF76A20057F2F2 /* Build configuration list for PBXProject "CYPhotoBrowser" */ = {
			isa = XCConfigurationList;
			buildConfigurations = (
				6ACDAFDC1CBF76A20057F2F2 /* Debug */,
				6ACDAFDD1CBF76A20057F2F2 /* Release */,
			);
			defaultConfigurationIsVisible = 0;
			defaultConfigurationName = Release;
		};
		6ACDAFDE1CBF76A20057F2F2 /* Build configuration list for PBXNativeTarget "CYPhotoBrowser" */ = {
			isa = XCConfigurationList;
			buildConfigurations = (
				6ACDAFDF1CBF76A20057F2F2 /* Debug */,
				6ACDAFE01CBF76A20057F2F2 /* Release */,
			);
			defaultConfigurationIsVisible = 0;
		};
		6ACDAFE11CBF76A20057F2F2 /* Build configuration list for PBXNativeTarget "CYPhotoBrowserTests" */ = {
			isa = XCConfigurationList;
			buildConfigurations = (
				6ACDAFE21CBF76A20057F2F2 /* Debug */,
				6ACDAFE31CBF76A20057F2F2 /* Release */,
			);
			defaultConfigurationIsVisible = 0;
		};
		6ACDAFE41CBF76A20057F2F2 /* Build configuration list for PBXNativeTarget "CYPhotoBrowserUITests" */ = {
			isa = XCConfigurationList;
			buildConfigurations = (
				6ACDAFE51CBF76A20057F2F2 /* Debug */,
				6ACDAFE61CBF76A20057F2F2 /* Release */,
			);
			defaultConfigurationIsVisible = 0;
		};
/* End XCConfigurationList section */

/* Begin XCVersionGroup section */
		6ACDAFBD1CBF76A20057F2F2 /* CYPhotoBrowser.xcdatamodeld */ = {
			isa = XCVersionGroup;
			children = (
				6ACDAFBE1CBF76A20057F2F2 /* CYPhotoBrowser.xcdatamodel */,
			);
			currentVersion = 6ACDAFBE1CBF76A20057F2F2 /* CYPhotoBrowser.xcdatamodel */;
			path = CYPhotoBrowser.xcdatamodeld;
			sourceTree = "<group>";
			versionGroupType = wrapper.xcdatamodel;
		};
/* End XCVersionGroup section */
	};
	rootObject = 6ACDAFA61CBF76A20057F2F2 /* Project object */;
}
